
Microsoft Visual Studio Solution File, Format Version 12.00
# Visual Studio Version 17
VisualStudioVersion = 17.10.35013.160
MinimumVisualStudioVersion = 10.0.40219.1
Project("{FAE04EC0-301F-11D3-BF4B-00C04F79EFBC}") = "Proyecto1-TIenda-LProgramacion", "Proyecto1-TIenda-LProgramacion\Proyecto1-TIenda-LProgramacion.csproj", "{C7B8327F-3687-4C8E-A269-32EAA66C0F2C}"
EndProject
Global
	GlobalSection(SolutionConfigurationPlatforms) = preSolution
		Debug|Any CPU = Debug|Any CPU
		Release|Any CPU = Release|Any CPU
	EndGlobalSection
	GlobalSection(ProjectConfigurationPlatforms) = postSolution
		{C7B8327F-3687-4C8E-A269-32EAA66C0F2C}.Debug|Any CPU.ActiveCfg = Debug|Any CPU
		{C7B8327F-3687-4C8E-A269-32EAA66C0F2C}.Debug|Any CPU.Build.0 = Debug|Any CPU
		{C7B8327F-3687-4C8E-A269-32EAA66C0F2C}.Release|Any CPU.ActiveCfg = Release|Any CPU
		{C7B8327F-3687-4C8E-A269-32EAA66C0F2C}.Release|Any CPU.Build.0 = Release|Any CPU
	EndGlobalSection
	GlobalSection(SolutionProperties) = preSolution
		HideSolutionNode = FALSE
	EndGlobalSection
	GlobalSection(ExtensibilityGlobals) = postSolution
		SolutionGuid = {E0C40C2E-9FA3-4FE1-9F8E-45539465B71E}
	EndGlobalSection
EndGlobal
